// !$*UTF8*$!
{
	archiveVersion = 1;
	classes = {
	};
	objectVersion = 48;
	objects = {

/* Begin PBXBuildFile section */
		3F3161D51FDFCE6F00C78963 /* AppDelegate.swift in Sources */ = {isa = PBXBuildFile; fileRef = 3F3161D41FDFCE6F00C78963 /* AppDelegate.swift */; };
		3F3161D71FDFCE6F00C78963 /* art.scnassets in Resources */ = {isa = PBXBuildFile; fileRef = 3F3161D61FDFCE6F00C78963 /* art.scnassets */; };
		3F3161D91FDFCE6F00C78963 /* ViewController.swift in Sources */ = {isa = PBXBuildFile; fileRef = 3F3161D81FDFCE6F00C78963 /* ViewController.swift */; };
		3F3161DC1FDFCE6F00C78963 /* Main.storyboard in Resources */ = {isa = PBXBuildFile; fileRef = 3F3161DA1FDFCE6F00C78963 /* Main.storyboard */; };
		3F3161DE1FDFCE6F00C78963 /* Assets.xcassets in Resources */ = {isa = PBXBuildFile; fileRef = 3F3161DD1FDFCE6F00C78963 /* Assets.xcassets */; };
		3F3161E11FDFCE6F00C78963 /* LaunchScreen.storyboard in Resources */ = {isa = PBXBuildFile; fileRef = 3F3161DF1FDFCE6F00C78963 /* LaunchScreen.storyboard */; };
		3F3161EC1FDFCE6F00C78963 /* solarTests.swift in Sources */ = {isa = PBXBuildFile; fileRef = 3F3161EB1FDFCE6F00C78963 /* solarTests.swift */; };
		3F3161F71FDFCE6F00C78963 /* solarUITests.swift in Sources */ = {isa = PBXBuildFile; fileRef = 3F3161F61FDFCE6F00C78963 /* solarUITests.swift */; };
/* End PBXBuildFile section */

/* Begin PBXContainerItemProxy section */
		3F3161E81FDFCE6F00C78963 /* PBXContainerItemProxy */ = {
			isa = PBXContainerItemProxy;
			containerPortal = 3F3161C91FDFCE6F00C78963 /* Project object */;
			proxyType = 1;
			remoteGlobalIDString = 3F3161D01FDFCE6F00C78963;
			remoteInfo = solar;
		};
		3F3161F31FDFCE6F00C78963 /* PBXContainerItemProxy */ = {
			isa = PBXContainerItemProxy;
			containerPortal = 3F3161C91FDFCE6F00C78963 /* Project object */;
			proxyType = 1;
			remoteGlobalIDString = 3F3161D01FDFCE6F00C78963;
			remoteInfo = solar;
		};
/* End PBXContainerItemProxy section */

/* Begin PBXFileReference section */
		3F3161D11FDFCE6F00C78963 /* solar.app */ = {isa = PBXFileReference; explicitFileType = wrapper.application; includeInIndex = 0; path = solar.app; sourceTree = BUILT_PRODUCTS_DIR; };
		3F3161D41FDFCE6F00C78963 /* AppDelegate.swift */ = {isa = PBXFileReference; lastKnownFileType = sourcecode.swift; path = AppDelegate.swift; sourceTree = "<group>"; };
		3F3161D61FDFCE6F00C78963 /* art.scnassets */ = {isa = PBXFileReference; lastKnownFileType = wrapper.scnassets; path = art.scnassets; sourceTree = "<group>"; };
		3F3161D81FDFCE6F00C78963 /* ViewController.swift */ = {isa = PBXFileReference; lastKnownFileType = sourcecode.swift; path = ViewController.swift; sourceTree = "<group>"; };
		3F3161DB1FDFCE6F00C78963 /* Base */ = {isa = PBXFileReference; lastKnownFileType = file.storyboard; name = Base; path = Base.lproj/Main.storyboard; sourceTree = "<group>"; };
		3F3161DD1FDFCE6F00C78963 /* Assets.xcassets */ = {isa = PBXFileReference; lastKnownFileType = folder.assetcatalog; path = Assets.xcassets; sourceTree = "<group>"; };
		3F3161E01FDFCE6F00C78963 /* Base */ = {isa = PBXFileReference; lastKnownFileType = file.storyboard; name = Base; path = Base.lproj/LaunchScreen.storyboard; sourceTree = "<group>"; };
		3F3161E21FDFCE6F00C78963 /* Info.plist */ = {isa = PBXFileReference; lastKnownFileType = text.plist.xml; path = Info.plist; sourceTree = "<group>"; };
		3F3161E71FDFCE6F00C78963 /* solarTests.xctest */ = {isa = PBXFileReference; explicitFileType = wrapper.cfbundle; includeInIndex = 0; path = solarTests.xctest; sourceTree = BUILT_PRODUCTS_DIR; };
		3F3161EB1FDFCE6F00C78963 /* solarTests.swift */ = {isa = PBXFileReference; lastKnownFileType = sourcecode.swift; path = solarTests.swift; sourceTree = "<group>"; };
		3F3161ED1FDFCE6F00C78963 /* Info.plist */ = {isa = PBXFileReference; lastKnownFileType = text.plist.xml; path = Info.plist; sourceTree = "<group>"; };
		3F3161F21FDFCE6F00C78963 /* solarUITests.xctest */ = {isa = PBXFileReference; explicitFileType = wrapper.cfbundle; includeInIndex = 0; path = solarUITests.xctest; sourceTree = BUILT_PRODUCTS_DIR; };
		3F3161F61FDFCE6F00C78963 /* solarUITests.swift */ = {isa = PBXFileReference; lastKnownFileType = sourcecode.swift; path = solarUITests.swift; sourceTree = "<group>"; };
		3F3161F81FDFCE6F00C78963 /* Info.plist */ = {isa = PBXFileReference; lastKnownFileType = text.plist.xml; path = Info.plist; sourceTree = "<group>"; };
/* End PBXFileReference section */

/* Begin PBXFrameworksBuildPhase section */
		3F3161CE1FDFCE6F00C78963 /* Frameworks */ = {
			isa = PBXFrameworksBuildPhase;
			buildActionMask = 2147483647;
			files = (
			);
			runOnlyForDeploymentPostprocessing = 0;
		};
		3F3161E41FDFCE6F00C78963 /* Frameworks */ = {
			isa = PBXFrameworksBuildPhase;
			buildActionMask = 2147483647;
			files = (
			);
			runOnlyForDeploymentPostprocessing = 0;
		};
		3F3161EF1FDFCE6F00C78963 /* Frameworks */ = {
			isa = PBXFrameworksBuildPhase;
			buildActionMask = 2147483647;
			files = (
			);
			runOnlyForDeploymentPostprocessing = 0;
		};
/* End PBXFrameworksBuildPhase section */

/* Begin PBXGroup section */
		3F3161C81FDFCE6F00C78963 = {
			isa = PBXGroup;
			children = (
				3F3161D31FDFCE6F00C78963 /* solar */,
				3F3161EA1FDFCE6F00C78963 /* solarTests */,
				3F3161F51FDFCE6F00C78963 /* solarUITests */,
				3F3161D21FDFCE6F00C78963 /* Products */,
			);
			sourceTree = "<group>";
		};
		3F3161D21FDFCE6F00C78963 /* Products */ = {
			isa = PBXGroup;
			children = (
				3F3161D11FDFCE6F00C78963 /* solar.app */,
				3F3161E71FDFCE6F00C78963 /* solarTests.xctest */,
				3F3161F21FDFCE6F00C78963 /* solarUITests.xctest */,
			);
			name = Products;
			sourceTree = "<group>";
		};
		3F3161D31FDFCE6F00C78963 /* solar */ = {
			isa = PBXGroup;
			children = (
				3F3161D41FDFCE6F00C78963 /* AppDelegate.swift */,
				3F3161D61FDFCE6F00C78963 /* art.scnassets */,
				3F3161D81FDFCE6F00C78963 /* ViewController.swift */,
				3F3161DA1FDFCE6F00C78963 /* Main.storyboard */,
				3F3161DD1FDFCE6F00C78963 /* Assets.xcassets */,
				3F3161DF1FDFCE6F00C78963 /* LaunchScreen.storyboard */,
				3F3161E21FDFCE6F00C78963 /* Info.plist */,
			);
			path = solar;
			sourceTree = "<group>";
		};
		3F3161EA1FDFCE6F00C78963 /* solarTests */ = {
			isa = PBXGroup;
			children = (
				3F3161EB1FDFCE6F00C78963 /* solarTests.swift */,
				3F3161ED1FDFCE6F00C78963 /* Info.plist */,
			);
			path = solarTests;
			sourceTree = "<group>";
		};
		3F3161F51FDFCE6F00C78963 /* solarUITests */ = {
			isa = PBXGroup;
			children = (
				3F3161F61FDFCE6F00C78963 /* solarUITests.swift */,
				3F3161F81FDFCE6F00C78963 /* Info.plist */,
			);
			path = solarUITests;
			sourceTree = "<group>";
		};
/* End PBXGroup section */

/* Begin PBXNativeTarget section */
		3F3161D01FDFCE6F00C78963 /* solar */ = {
			isa = PBXNativeTarget;
			buildConfigurationList = 3F3161FB1FDFCE6F00C78963 /* Build configuration list for PBXNativeTarget "solar" */;
			buildPhases = (
				3F3161CD1FDFCE6F00C78963 /* Sources */,
				3F3161CE1FDFCE6F00C78963 /* Frameworks */,
				3F3161CF1FDFCE6F00C78963 /* Resources */,
			);
			buildRules = (
			);
			dependencies = (
			);
			name = solar;
			productName = solar;
			productReference = 3F3161D11FDFCE6F00C78963 /* solar.app */;
			productType = "com.apple.product-type.application";
		};
		3F3161E61FDFCE6F00C78963 /* solarTests */ = {
			isa = PBXNativeTarget;
			buildConfigurationList = 3F3161FE1FDFCE6F00C78963 /* Build configuration list for PBXNativeTarget "solarTests" */;
			buildPhases = (
				3F3161E31FDFCE6F00C78963 /* Sources */,
				3F3161E41FDFCE6F00C78963 /* Frameworks */,
				3F3161E51FDFCE6F00C78963 /* Resources */,
			);
			buildRules = (
			);
			dependencies = (
				3F3161E91FDFCE6F00C78963 /* PBXTargetDependency */,
			);
			name = solarTests;
			productName = solarTests;
			productReference = 3F3161E71FDFCE6F00C78963 /* solarTests.xctest */;
			productType = "com.apple.product-type.bundle.unit-test";
		};
		3F3161F11FDFCE6F00C78963 /* solarUITests */ = {
			isa = PBXNativeTarget;
			buildConfigurationList = 3F3162011FDFCE6F00C78963 /* Build configuration list for PBXNativeTarget "solarUITests" */;
			buildPhases = (
				3F3161EE1FDFCE6F00C78963 /* Sources */,
				3F3161EF1FDFCE6F00C78963 /* Frameworks */,
				3F3161F01FDFCE6F00C78963 /* Resources */,
			);
			buildRules = (
			);
			dependencies = (
				3F3161F41FDFCE6F00C78963 /* PBXTargetDependency */,
			);
			name = solarUITests;
			productName = solarUITests;
			productReference = 3F3161F21FDFCE6F00C78963 /* solarUITests.xctest */;
			productType = "com.apple.product-type.bundle.ui-testing";
		};
/* End PBXNativeTarget section */

/* Begin PBXProject section */
		3F3161C91FDFCE6F00C78963 /* Project object */ = {
			isa = PBXProject;
			attributes = {
				LastSwiftUpdateCheck = 0920;
				LastUpgradeCheck = 0920;
				ORGANIZATIONNAME = czsm;
				TargetAttributes = {
					3F3161D01FDFCE6F00C78963 = {
						CreatedOnToolsVersion = 9.2;
						ProvisioningStyle = Automatic;
					};
					3F3161E61FDFCE6F00C78963 = {
						CreatedOnToolsVersion = 9.2;
						ProvisioningStyle = Automatic;
						TestTargetID = 3F3161D01FDFCE6F00C78963;
					};
					3F3161F11FDFCE6F00C78963 = {
						CreatedOnToolsVersion = 9.2;
						ProvisioningStyle = Automatic;
						TestTargetID = 3F3161D01FDFCE6F00C78963;
					};
				};
			};
			buildConfigurationList = 3F3161CC1FDFCE6F00C78963 /* Build configuration list for PBXProject "solar" */;
			compatibilityVersion = "Xcode 8.0";
			developmentRegion = en;
			hasScannedForEncodings = 0;
			knownRegions = (
				en,
				Base,
			);
			mainGroup = 3F3161C81FDFCE6F00C78963;
			productRefGroup = 3F3161D21FDFCE6F00C78963 /* Products */;
			projectDirPath = "";
			projectRoot = "";
			targets = (
				3F3161D01FDFCE6F00C78963 /* solar */,
				3F3161E61FDFCE6F00C78963 /* solarTests */,
				3F3161F11FDFCE6F00C78963 /* solarUITests */,
			);
		};
/* End PBXProject section */

/* Begin PBXResourcesBuildPhase section */
		3F3161CF1FDFCE6F00C78963 /* Resources */ = {
			isa = PBXResourcesBuildPhase;
			buildActionMask = 2147483647;
			files = (
				3F3161D71FDFCE6F00C78963 /* art.scnassets in Resources */,
				3F3161E11FDFCE6F00C78963 /* LaunchScreen.storyboard in Resources */,
				3F3161DE1FDFCE6F00C78963 /* Assets.xcassets in Resources */,
				3F3161DC1FDFCE6F00C78963 /* Main.storyboard in Resources */,
			);
			runOnlyForDeploymentPostprocessing = 0;
		};
		3F3161E51FDFCE6F00C78963 /* Resources */ = {
			isa = PBXResourcesBuildPhase;
			buildActionMask = 2147483647;
			files = (
			);
			runOnlyForDeploymentPostprocessing = 0;
		};
		3F3161F01FDFCE6F00C78963 /* Resources */ = {
			isa = PBXResourcesBuildPhase;
			buildActionMask = 2147483647;
			files = (
			);
			runOnlyForDeploymentPostprocessing = 0;
		};
/* End PBXResourcesBuildPhase section */

/* Begin PBXSourcesBuildPhase section */
		3F3161CD1FDFCE6F00C78963 /* Sources */ = {
			isa = PBXSourcesBuildPhase;
			buildActionMask = 2147483647;
			files = (
				3F3161D91FDFCE6F00C78963 /* ViewController.swift in Sources */,
				3F3161D51FDFCE6F00C78963 /* AppDelegate.swift in Sources */,
			);
			runOnlyForDeploymentPostprocessing = 0;
		};
		3F3161E31FDFCE6F00C78963 /* Sources */ = {
			isa = PBXSourcesBuildPhase;
			buildActionMask = 2147483647;
			files = (
				3F3161EC1FDFCE6F00C78963 /* solarTests.swift in Sources */,
			);
			runOnlyForDeploymentPostprocessing = 0;
		};
		3F3161EE1FDFCE6F00C78963 /* Sources */ = {
			isa = PBXSourcesBuildPhase;
			buildActionMask = 2147483647;
			files = (
				3F3161F71FDFCE6F00C78963 /* solarUITests.swift in Sources */,
			);
			runOnlyForDeploymentPostprocessing = 0;
		};
/* End PBXSourcesBuildPhase section */

/* Begin PBXTargetDependency section */
		3F3161E91FDFCE6F00C78963 /* PBXTargetDependency */ = {
			isa = PBXTargetDependency;
			target = 3F3161D01FDFCE6F00C78963 /* solar */;
			targetProxy = 3F3161E81FDFCE6F00C78963 /* PBXContainerItemProxy */;
		};
		3F3161F41FDFCE6F00C78963 /* PBXTargetDependency */ = {
			isa = PBXTargetDependency;
			target = 3F3161D01FDFCE6F00C78963 /* solar */;
			targetProxy = 3F3161F31FDFCE6F00C78963 /* PBXContainerItemProxy */;
		};
/* End PBXTargetDependency section */

/* Begin PBXVariantGroup section */
		3F3161DA1FDFCE6F00C78963 /* Main.storyboard */ = {
			isa = PBXVariantGroup;
			children = (
				3F3161DB1FDFCE6F00C78963 /* Base */,
			);
			name = Main.storyboard;
			sourceTree = "<group>";
		};
		3F3161DF1FDFCE6F00C78963 /* LaunchScreen.storyboard */ = {
			isa = PBXVariantGroup;
			children = (
				3F3161E01FDFCE6F00C78963 /* Base */,
			);
			name = LaunchScreen.storyboard;
			sourceTree = "<group>";
		};
/* End PBXVariantGroup section */

/* Begin XCBuildConfiguration section */
		3F3161F91FDFCE6F00C78963 /* Debug */ = {
			isa = XCBuildConfiguration;
			buildSettings = {
				ALWAYS_SEARCH_USER_PATHS = NO;
				CLANG_ANALYZER_NONNULL = YES;
				CLANG_ANALYZER_NUMBER_OBJECT_CONVERSION = YES_AGGRESSIVE;
				CLANG_CXX_LANGUAGE_STANDARD = "gnu++14";
				CLANG_CXX_LIBRARY = "libc++";
				CLANG_ENABLE_MODULES = YES;
				CLANG_ENABLE_OBJC_ARC = YES;
				CLANG_WARN_BLOCK_CAPTURE_AUTORELEASING = YES;
				CLANG_WARN_BOOL_CONVERSION = YES;
				CLANG_WARN_COMMA = YES;
				CLANG_WARN_CONSTANT_CONVERSION = YES;
				CLANG_WARN_DIRECT_OBJC_ISA_USAGE = YES_ERROR;
				CLANG_WARN_DOCUMENTATION_COMMENTS = YES;
				CLANG_WARN_EMPTY_BODY = YES;
				CLANG_WARN_ENUM_CONVERSION = YES;
				CLANG_WARN_INFINITE_RECURSION = YES;
				CLANG_WARN_INT_CONVERSION = YES;
				CLANG_WARN_NON_LITERAL_NULL_CONVERSION = YES;
				CLANG_WARN_OBJC_LITERAL_CONVERSION = YES;
				CLANG_WARN_OBJC_ROOT_CLASS = YES_ERROR;
				CLANG_WARN_RANGE_LOOP_ANALYSIS = YES;
				CLANG_WARN_STRICT_PROTOTYPES = YES;
				CLANG_WARN_SUSPICIOUS_MOVE = YES;
				CLANG_WARN_UNGUARDED_AVAILABILITY = YES_AGGRESSIVE;
				CLANG_WARN_UNREACHABLE_CODE = YES;
				CLANG_WARN__DUPLICATE_METHOD_MATCH = YES;
				CODE_SIGN_IDENTITY = "iPhone Developer";
				COPY_PHASE_STRIP = NO;
				DEBUG_INFORMATION_FORMAT = dwarf;
				ENABLE_STRICT_OBJC_MSGSEND = YES;
				ENABLE_TESTABILITY = YES;
				GCC_C_LANGUAGE_STANDARD = gnu11;
				GCC_DYNAMIC_NO_PIC = NO;
				GCC_NO_COMMON_BLOCKS = YES;
				GCC_OPTIMIZATION_LEVEL = 0;
				GCC_PREPROCESSOR_DEFINITIONS = (
					"DEBUG=1",
					"$(inherited)",
				);
				GCC_WARN_64_TO_32_BIT_CONVERSION = YES;
				GCC_WARN_ABOUT_RETURN_TYPE = YES_ERROR;
				GCC_WARN_UNDECLARED_SELECTOR = YES;
				GCC_WARN_UNINITIALIZED_AUTOS = YES_AGGRESSIVE;
				GCC_WARN_UNUSED_FUNCTION = YES;
				GCC_WARN_UNUSED_VARIABLE = YES;
				IPHONEOS_DEPLOYMENT_TARGET = 11.2;
				MTL_ENABLE_DEBUG_INFO = YES;
				ONLY_ACTIVE_ARCH = YES;
				SDKROOT = iphoneos;
				SWIFT_ACTIVE_COMPILATION_CONDITIONS = DEBUG;
				SWIFT_OPTIMIZATION_LEVEL = "-Onone";
			};
			name = Debug;
		};
		3F3161FA1FDFCE6F00C78963 /* Release */ = {
			isa = XCBuildConfiguration;
			buildSettings = {
				ALWAYS_SEARCH_USER_PATHS = NO;
				CLANG_ANALYZER_NONNULL = YES;
				CLANG_ANALYZER_NUMBER_OBJECT_CONVERSION = YES_AGGRESSIVE;
				CLANG_CXX_LANGUAGE_STANDARD = "gnu++14";
				CLANG_CXX_LIBRARY = "libc++";
				CLANG_ENABLE_MODULES = YES;
				CLANG_ENABLE_OBJC_ARC = YES;
				CLANG_WARN_BLOCK_CAPTURE_AUTORELEASING = YES;
				CLANG_WARN_BOOL_CONVERSION = YES;
				CLANG_WARN_COMMA = YES;
				CLANG_WARN_CONSTANT_CONVERSION = YES;
				CLANG_WARN_DIRECT_OBJC_ISA_USAGE = YES_ERROR;
				CLANG_WARN_DOCUMENTATION_COMMENTS = YES;
				CLANG_WARN_EMPTY_BODY = YES;
				CLANG_WARN_ENUM_CONVERSION = YES;
				CLANG_WARN_INFINITE_RECURSION = YES;
				CLANG_WARN_INT_CONVERSION = YES;
				CLANG_WARN_NON_LITERAL_NULL_CONVERSION = YES;
				CLANG_WARN_OBJC_LITERAL_CONVERSION = YES;
				CLANG_WARN_OBJC_ROOT_CLASS = YES_ERROR;
				CLANG_WARN_RANGE_LOOP_ANALYSIS = YES;
				CLANG_WARN_STRICT_PROTOTYPES = YES;
				CLANG_WARN_SUSPICIOUS_MOVE = YES;
				CLANG_WARN_UNGUARDED_AVAILABILITY = YES_AGGRESSIVE;
				CLANG_WARN_UNREACHABLE_CODE = YES;
				CLANG_WARN__DUPLICATE_METHOD_MATCH = YES;
				CODE_SIGN_IDENTITY = "iPhone Developer";
				COPY_PHASE_STRIP = NO;
				DEBUG_INFORMATION_FORMAT = "dwarf-with-dsym";
				ENABLE_NS_ASSERTIONS = NO;
				ENABLE_STRICT_OBJC_MSGSEND = YES;
				GCC_C_LANGUAGE_STANDARD = gnu11;
				GCC_NO_COMMON_BLOCKS = YES;
				GCC_WARN_64_TO_32_BIT_CONVERSION = YES;
				GCC_WARN_ABOUT_RETURN_TYPE = YES_ERROR;
				GCC_WARN_UNDECLARED_SELECTOR = YES;
				GCC_WARN_UNINITIALIZED_AUTOS = YES_AGGRESSIVE;
				GCC_WARN_UNUSED_FUNCTION = YES;
				GCC_WARN_UNUSED_VARIABLE = YES;
				IPHONEOS_DEPLOYMENT_TARGET = 11.2;
				MTL_ENABLE_DEBUG_INFO = NO;
				SDKROOT = iphoneos;
				SWIFT_OPTIMIZATION_LEVEL = "-Owholemodule";
				VALIDATE_PRODUCT = YES;
			};
			name = Release;
		};
		3F3161FC1FDFCE6F00C78963 /* Debug */ = {
			isa = XCBuildConfiguration;
			buildSettings = {
				ASSETCATALOG_COMPILER_APPICON_NAME = AppIcon;
				CODE_SIGN_STYLE = Automatic;
				DEVELOPMENT_TEAM = XSJRRDKMW9;
				INFOPLIST_FILE = solar/Info.plist;
				IPHONEOS_DEPLOYMENT_TARGET = 11.0;
				LD_RUNPATH_SEARCH_PATHS = "$(inherited) @executable_path/Frameworks";
				PRODUCT_BUNDLE_IDENTIFIER = com.firebase.solar;
				PRODUCT_NAME = "$(TARGET_NAME)";
				SWIFT_VERSION = 4.0;
				TARGETED_DEVICE_FAMILY = "1,2";
			};
			name = Debug;
		};
		3F3161FD1FDFCE6F00C78963 /* Release */ = {
			isa = XCBuildConfiguration;
			buildSettings = {
				ASSETCATALOG_COMPILER_APPICON_NAME = AppIcon;
				CODE_SIGN_STYLE = Automatic;
				DEVELOPMENT_TEAM = XSJRRDKMW9;
				INFOPLIST_FILE = solar/Info.plist;
				IPHONEOS_DEPLOYMENT_TARGET = 11.0;
				LD_RUNPATH_SEARCH_PATHS = "$(inherited) @executable_path/Frameworks";
				PRODUCT_BUNDLE_IDENTIFIER = com.firebase.solar;
				PRODUCT_NAME = "$(TARGET_NAME)";
				SWIFT_VERSION = 4.0;
				TARGETED_DEVICE_FAMILY = "1,2";
			};
			name = Release;
		};
		3F3161FF1FDFCE6F00C78963 /* Debug */ = {
			isa = XCBuildConfiguration;
			buildSettings = {
				ALWAYS_EMBED_SWIFT_STANDARD_LIBRARIES = YES;
				BUNDLE_LOADER = "$(TEST_HOST)";
				CODE_SIGN_STYLE = Automatic;
				INFOPLIST_FILE = solarTests/Info.plist;
				LD_RUNPATH_SEARCH_PATHS = "$(inherited) @executable_path/Frameworks @loader_path/Frameworks";
				PRODUCT_BUNDLE_IDENTIFIER = com.firebase.solarTests;
				PRODUCT_NAME = "$(TARGET_NAME)";
				SWIFT_VERSION = 4.0;
				TARGETED_DEVICE_FAMILY = "1,2";
				TEST_HOST = "$(BUILT_PRODUCTS_DIR)/solar.app/solar";
			};
			name = Debug;
		};
		3F3162001FDFCE6F00C78963 /* Release */ = {
			isa = XCBuildConfiguration;
			buildSettings = {
				ALWAYS_EMBED_SWIFT_STANDARD_LIBRARIES = YES;
				BUNDLE_LOADER = "$(TEST_HOST)";
				CODE_SIGN_STYLE = Automatic;
				INFOPLIST_FILE = solarTests/Info.plist;
				LD_RUNPATH_SEARCH_PATHS = "$(inherited) @executable_path/Frameworks @loader_path/Frameworks";
				PRODUCT_BUNDLE_IDENTIFIER = com.firebase.solarTests;
				PRODUCT_NAME = "$(TARGET_NAME)";
				SWIFT_VERSION = 4.0;
				TARGETED_DEVICE_FAMILY = "1,2";
				TEST_HOST = "$(BUILT_PRODUCTS_DIR)/solar.app/solar";
			};
			name = Release;
		};
		3F3162021FDFCE6F00C78963 /* Debug */ = {
			isa = XCBuildConfiguration;
			buildSettings = {
				ALWAYS_EMBED_SWIFT_STANDARD_LIBRARIES = YES;
				CODE_SIGN_STYLE = Automatic;
				INFOPLIST_FILE = solarUITests/Info.plist;
				LD_RUNPATH_SEARCH_PATHS = "$(inherited) @executable_path/Frameworks @loader_path/Frameworks";
				PRODUCT_BUNDLE_IDENTIFIER = com.firebase.solarUITests;
				PRODUCT_NAME = "$(TARGET_NAME)";
				SWIFT_VERSION = 4.0;
				TARGETED_DEVICE_FAMILY = "1,2";
				TEST_TARGET_NAME = solar;
			};
			name = Debug;
		};
		3F3162031FDFCE6F00C78963 /* Release */ = {
			isa = XCBuildConfiguration;
			buildSettings = {
				ALWAYS_EMBED_SWIFT_STANDARD_LIBRARIES = YES;
				CODE_SIGN_STYLE = Automatic;
				INFOPLIST_FILE = solarUITests/Info.plist;
				LD_RUNPATH_SEARCH_PATHS = "$(inherited) @executable_path/Frameworks @loader_path/Frameworks";
				PRODUCT_BUNDLE_IDENTIFIER = com.firebase.solarUITests;
				PRODUCT_NAME = "$(TARGET_NAME)";
				SWIFT_VERSION = 4.0;
				TARGETED_DEVICE_FAMILY = "1,2";
				TEST_TARGET_NAME = solar;
			};
			name = Release;
		};
/* End XCBuildConfiguration section */

/* Begin XCConfigurationList section */
		3F3161CC1FDFCE6F00C78963 /* Build configuration list for PBXProject "solar" */ = {
			isa = XCConfigurationList;
			buildConfigurations = (
				3F3161F91FDFCE6F00C78963 /* Debug */,
				3F3161FA1FDFCE6F00C78963 /* Release */,
			);
			defaultConfigurationIsVisible = 0;
			defaultConfigurationName = Release;
		};
		3F3161FB1FDFCE6F00C78963 /* Build configuration list for PBXNativeTarget "solar" */ = {
			isa = XCConfigurationList;
			buildConfigurations = (
				3F3161FC1FDFCE6F00C78963 /* Debug */,
				3F3161FD1FDFCE6F00C78963 /* Release */,
			);
			defaultConfigurationIsVisible = 0;
			defaultConfigurationName = Release;
		};
		3F3161FE1FDFCE6F00C78963 /* Build configuration list for PBXNativeTarget "solarTests" */ = {
			isa = XCConfigurationList;
			buildConfigurations = (
				3F3161FF1FDFCE6F00C78963 /* Debug */,
				3F3162001FDFCE6F00C78963 /* Release */,
			);
			defaultConfigurationIsVisible = 0;
			defaultConfigurationName = Release;
		};
		3F3162011FDFCE6F00C78963 /* Build configuration list for PBXNativeTarget "solarUITests" */ = {
			isa = XCConfigurationList;
			buildConfigurations = (
				3F3162021FDFCE6F00C78963 /* Debug */,
				3F3162031FDFCE6F00C78963 /* Release */,
			);
			defaultConfigurationIsVisible = 0;
			defaultConfigurationName = Release;
		};
/* End XCConfigurationList section */
	};
	rootObject = 3F3161C91FDFCE6F00C78963 /* Project object */;
}
